// !$*UTF8*$!
{
	archiveVersion = 1;
	classes = {
	};
	objectVersion = 51;
	objects = {

/* Begin PBXBuildFile section */
		5206909627CE48FD0057D109 /* HAYApp.swift in Sources */ = {isa = PBXBuildFile; fileRef = 5206909527CE48FD0057D109 /* HAYApp.swift */; };
		5206909A27CE49000057D109 /* Assets.xcassets in Resources */ = {isa = PBXBuildFile; fileRef = 5206909927CE49000057D109 /* Assets.xcassets */; };
		5206909D27CE49000057D109 /* Preview Assets.xcassets in Resources */ = {isa = PBXBuildFile; fileRef = 5206909C27CE49000057D109 /* Preview Assets.xcassets */; };
		520690A827CE49000057D109 /* HAYTests.swift in Sources */ = {isa = PBXBuildFile; fileRef = 520690A727CE49000057D109 /* HAYTests.swift */; };
		520690B327CE49000057D109 /* HAYUITests.swift in Sources */ = {isa = PBXBuildFile; fileRef = 520690B227CE49000057D109 /* HAYUITests.swift */; };
		5224399927EC0C240061BFC2 /* TestWebView.swift in Sources */ = {isa = PBXBuildFile; fileRef = 5224399827EC0C240061BFC2 /* TestWebView.swift */; };
		522D5CE327F36AAE00A37E3A /* ConversationTabCard.swift in Sources */ = {isa = PBXBuildFile; fileRef = 522D5CE227F36AAE00A37E3A /* ConversationTabCard.swift */; };
		522D5CEB27F36CBD00A37E3A /* PolygonShape.swift in Sources */ = {isa = PBXBuildFile; fileRef = 522D5CEA27F36CBD00A37E3A /* PolygonShape.swift */; };
		522D5CF327F45E6F00A37E3A /* ConversationContentScreen.swift in Sources */ = {isa = PBXBuildFile; fileRef = 522D5CF227F45E6F00A37E3A /* ConversationContentScreen.swift */; };
		525BCA1A27D2054E006C151A /* ContentView.swift in Sources */ = {isa = PBXBuildFile; fileRef = 525BCA1927D2054E006C151A /* ContentView.swift */; };
		5286406027EB24A100284229 /* TestTabCard.swift in Sources */ = {isa = PBXBuildFile; fileRef = 5286405F27EB24A100284229 /* TestTabCard.swift */; };
		52A9C02127DF3DF40053893E /* CommonSenseQuizScreen.swift in Sources */ = {isa = PBXBuildFile; fileRef = 52A9C02027DF3DF40053893E /* CommonSenseQuizScreen.swift */; };
		52A9C02627DF41E90053893E /* OXQuizScreen.swift in Sources */ = {isa = PBXBuildFile; fileRef = 52A9C02527DF41E90053893E /* OXQuizScreen.swift */; };
		52A9C02C27DF433D0053893E /* WithOneMouthScreen.swift in Sources */ = {isa = PBXBuildFile; fileRef = 52A9C02B27DF433D0053893E /* WithOneMouthScreen.swift */; };
		52A9C03427DF439F0053893E /* ConsonantGameScreen.swift in Sources */ = {isa = PBXBuildFile; fileRef = 52A9C03327DF439F0053893E /* ConsonantGameScreen.swift */; };
		52EA013627CE55A200294C48 /* ConversationTabScreen.swift in Sources */ = {isa = PBXBuildFile; fileRef = 52EA013527CE55A200294C48 /* ConversationTabScreen.swift */; };
		52EA013E27CE55D100294C48 /* GameTabScreen.swift in Sources */ = {isa = PBXBuildFile; fileRef = 52EA013D27CE55D100294C48 /* GameTabScreen.swift */; };
		52EA014327CE55FB00294C48 /* GameTabCard.swift in Sources */ = {isa = PBXBuildFile; fileRef = 52EA014227CE55FB00294C48 /* GameTabCard.swift */; };
		52EA014827CE561900294C48 /* BalanceGameScreen.swift in Sources */ = {isa = PBXBuildFile; fileRef = 52EA014727CE561900294C48 /* BalanceGameScreen.swift */; };
		52EA014D27CE563E00294C48 /* MypageTabView.swift in Sources */ = {isa = PBXBuildFile; fileRef = 52EA014C27CE563E00294C48 /* MypageTabView.swift */; };
		52EA015227CE565F00294C48 /* TestTabScreen.swift in Sources */ = {isa = PBXBuildFile; fileRef = 52EA015127CE565F00294C48 /* TestTabScreen.swift */; };
		52EE071327E9AE000029A051 /* URL+Extensions.swift in Sources */ = {isa = PBXBuildFile; fileRef = 52EE071227E9AE000029A051 /* URL+Extensions.swift */; };
		52EE071827E9AEFB0029A051 /* Constants.swift in Sources */ = {isa = PBXBuildFile; fileRef = 52EE071727E9AEFB0029A051 /* Constants.swift */; };
		52EE071F27E9B1450029A051 /* GameModel.swift in Sources */ = {isa = PBXBuildFile; fileRef = 52EE071E27E9B1450029A051 /* GameModel.swift */; };
		52EE072727E9B2030029A051 /* HTTPClient.swift in Sources */ = {isa = PBXBuildFile; fileRef = 52EE072627E9B2030029A051 /* HTTPClient.swift */; };
		52EE072D27E9B6D30029A051 /* BalanceGameViewModel.swift in Sources */ = {isa = PBXBuildFile; fileRef = 52EE072C27E9B6D30029A051 /* BalanceGameViewModel.swift */; };
		52EE073527E9B70F0029A051 /* ViewModelBase.swift in Sources */ = {isa = PBXBuildFile; fileRef = 52EE073427E9B70F0029A051 /* ViewModelBase.swift */; };
		52EE077227E9D61A0029A051 /* WithOneMouthViewModel.swift in Sources */ = {isa = PBXBuildFile; fileRef = 52EE077127E9D61A0029A051 /* WithOneMouthViewModel.swift */; };
		52EE077727E9D6270029A051 /* OXQuizViewModel.swift in Sources */ = {isa = PBXBuildFile; fileRef = 52EE077627E9D6270029A051 /* OXQuizViewModel.swift */; };
		52EE077C27E9D6340029A051 /* CommonSenseQuizViewModel.swift in Sources */ = {isa = PBXBuildFile; fileRef = 52EE077B27E9D6340029A051 /* CommonSenseQuizViewModel.swift */; };
		52EE078127E9D6440029A051 /* ConsonantGameViewModel.swift in Sources */ = {isa = PBXBuildFile; fileRef = 52EE078027E9D6440029A051 /* ConsonantGameViewModel.swift */; };
		924C364C28344B0C161BF132 /* Pods_HAY_HAYUITests.framework in Frameworks */ = {isa = PBXBuildFile; fileRef = 5A96740B0ADA1F14018DA653 /* Pods_HAY_HAYUITests.framework */; };
		CDBE73CBAF80C390FF4FC9EA /* Pods_HAYTests.framework in Frameworks */ = {isa = PBXBuildFile; fileRef = 177D973F7C021E73B7ADBD4D /* Pods_HAYTests.framework */; };
		FE1B2152FAD00F6659C3CB5F /* Pods_HAY.framework in Frameworks */ = {isa = PBXBuildFile; fileRef = 356A8D1572975D8242A9B1D1 /* Pods_HAY.framework */; };
/* End PBXBuildFile section */

/* Begin PBXContainerItemProxy section */
		520690A427CE49000057D109 /* PBXContainerItemProxy */ = {
			isa = PBXContainerItemProxy;
			containerPortal = 5206908A27CE48FC0057D109 /* Project object */;
			proxyType = 1;
			remoteGlobalIDString = 5206909127CE48FD0057D109;
			remoteInfo = HAY;
		};
		520690AF27CE49000057D109 /* PBXContainerItemProxy */ = {
			isa = PBXContainerItemProxy;
			containerPortal = 5206908A27CE48FC0057D109 /* Project object */;
			proxyType = 1;
			remoteGlobalIDString = 5206909127CE48FD0057D109;
			remoteInfo = HAY;
		};
/* End PBXContainerItemProxy section */

/* Begin PBXFileReference section */
		0D52C9C8F469B870EEE78C5A /* Pods-HAY.debug.xcconfig */ = {isa = PBXFileReference; includeInIndex = 1; lastKnownFileType = text.xcconfig; name = "Pods-HAY.debug.xcconfig"; path = "Target Support Files/Pods-HAY/Pods-HAY.debug.xcconfig"; sourceTree = "<group>"; };
		103D74C3DF0484ED5EFC6BF2 /* Pods-HAYTests.debug.xcconfig */ = {isa = PBXFileReference; includeInIndex = 1; lastKnownFileType = text.xcconfig; name = "Pods-HAYTests.debug.xcconfig"; path = "Target Support Files/Pods-HAYTests/Pods-HAYTests.debug.xcconfig"; sourceTree = "<group>"; };
		177D973F7C021E73B7ADBD4D /* Pods_HAYTests.framework */ = {isa = PBXFileReference; explicitFileType = wrapper.framework; includeInIndex = 0; path = Pods_HAYTests.framework; sourceTree = BUILT_PRODUCTS_DIR; };
		356A8D1572975D8242A9B1D1 /* Pods_HAY.framework */ = {isa = PBXFileReference; explicitFileType = wrapper.framework; includeInIndex = 0; path = Pods_HAY.framework; sourceTree = BUILT_PRODUCTS_DIR; };
		3E24392821BA71F1B600D867 /* Pods-HAY-HAYUITests.debug.xcconfig */ = {isa = PBXFileReference; includeInIndex = 1; lastKnownFileType = text.xcconfig; name = "Pods-HAY-HAYUITests.debug.xcconfig"; path = "Target Support Files/Pods-HAY-HAYUITests/Pods-HAY-HAYUITests.debug.xcconfig"; sourceTree = "<group>"; };
		4405E4BCAABFD3C5F3DC2D3B /* Pods-HAY-HAYUITests.release.xcconfig */ = {isa = PBXFileReference; includeInIndex = 1; lastKnownFileType = text.xcconfig; name = "Pods-HAY-HAYUITests.release.xcconfig"; path = "Target Support Files/Pods-HAY-HAYUITests/Pods-HAY-HAYUITests.release.xcconfig"; sourceTree = "<group>"; };
		4651106487008FEF03489AC6 /* Pods-HAYTests.release.xcconfig */ = {isa = PBXFileReference; includeInIndex = 1; lastKnownFileType = text.xcconfig; name = "Pods-HAYTests.release.xcconfig"; path = "Target Support Files/Pods-HAYTests/Pods-HAYTests.release.xcconfig"; sourceTree = "<group>"; };
		5206909227CE48FD0057D109 /* HAY.app */ = {isa = PBXFileReference; explicitFileType = wrapper.application; includeInIndex = 0; path = HAY.app; sourceTree = BUILT_PRODUCTS_DIR; };
		5206909527CE48FD0057D109 /* HAYApp.swift */ = {isa = PBXFileReference; lastKnownFileType = sourcecode.swift; path = HAYApp.swift; sourceTree = "<group>"; };
		5206909927CE49000057D109 /* Assets.xcassets */ = {isa = PBXFileReference; lastKnownFileType = folder.assetcatalog; path = Assets.xcassets; sourceTree = "<group>"; };
		5206909C27CE49000057D109 /* Preview Assets.xcassets */ = {isa = PBXFileReference; lastKnownFileType = folder.assetcatalog; path = "Preview Assets.xcassets"; sourceTree = "<group>"; };
		5206909E27CE49000057D109 /* Info.plist */ = {isa = PBXFileReference; lastKnownFileType = text.plist.xml; path = Info.plist; sourceTree = "<group>"; };
		520690A327CE49000057D109 /* HAYTests.xctest */ = {isa = PBXFileReference; explicitFileType = wrapper.cfbundle; includeInIndex = 0; path = HAYTests.xctest; sourceTree = BUILT_PRODUCTS_DIR; };
		520690A727CE49000057D109 /* HAYTests.swift */ = {isa = PBXFileReference; lastKnownFileType = sourcecode.swift; path = HAYTests.swift; sourceTree = "<group>"; };
		520690A927CE49000057D109 /* Info.plist */ = {isa = PBXFileReference; lastKnownFileType = text.plist.xml; path = Info.plist; sourceTree = "<group>"; };
		520690AE27CE49000057D109 /* HAYUITests.xctest */ = {isa = PBXFileReference; explicitFileType = wrapper.cfbundle; includeInIndex = 0; path = HAYUITests.xctest; sourceTree = BUILT_PRODUCTS_DIR; };
		520690B227CE49000057D109 /* HAYUITests.swift */ = {isa = PBXFileReference; lastKnownFileType = sourcecode.swift; path = HAYUITests.swift; sourceTree = "<group>"; };
		520690B427CE49000057D109 /* Info.plist */ = {isa = PBXFileReference; lastKnownFileType = text.plist.xml; path = Info.plist; sourceTree = "<group>"; };
		5224399827EC0C240061BFC2 /* TestWebView.swift */ = {isa = PBXFileReference; lastKnownFileType = sourcecode.swift; path = TestWebView.swift; sourceTree = "<group>"; };
		522D5CE227F36AAE00A37E3A /* ConversationTabCard.swift */ = {isa = PBXFileReference; lastKnownFileType = sourcecode.swift; path = ConversationTabCard.swift; sourceTree = "<group>"; };
		522D5CEA27F36CBD00A37E3A /* PolygonShape.swift */ = {isa = PBXFileReference; lastKnownFileType = sourcecode.swift; path = PolygonShape.swift; sourceTree = "<group>"; };
		522D5CF227F45E6F00A37E3A /* ConversationContentScreen.swift */ = {isa = PBXFileReference; lastKnownFileType = sourcecode.swift; path = ConversationContentScreen.swift; sourceTree = "<group>"; };
		525BCA1927D2054E006C151A /* ContentView.swift */ = {isa = PBXFileReference; lastKnownFileType = sourcecode.swift; path = ContentView.swift; sourceTree = "<group>"; };
		5286405F27EB24A100284229 /* TestTabCard.swift */ = {isa = PBXFileReference; lastKnownFileType = sourcecode.swift; path = TestTabCard.swift; sourceTree = "<group>"; };
		52A9C02027DF3DF40053893E /* CommonSenseQuizScreen.swift */ = {isa = PBXFileReference; lastKnownFileType = sourcecode.swift; path = CommonSenseQuizScreen.swift; sourceTree = "<group>"; };
		52A9C02527DF41E90053893E /* OXQuizScreen.swift */ = {isa = PBXFileReference; lastKnownFileType = sourcecode.swift; path = OXQuizScreen.swift; sourceTree = "<group>"; };
		52A9C02B27DF433D0053893E /* WithOneMouthScreen.swift */ = {isa = PBXFileReference; lastKnownFileType = sourcecode.swift; path = WithOneMouthScreen.swift; sourceTree = "<group>"; };
		52A9C03327DF439F0053893E /* ConsonantGameScreen.swift */ = {isa = PBXFileReference; lastKnownFileType = sourcecode.swift; path = ConsonantGameScreen.swift; sourceTree = "<group>"; };
		52EA013527CE55A200294C48 /* ConversationTabScreen.swift */ = {isa = PBXFileReference; lastKnownFileType = sourcecode.swift; path = ConversationTabScreen.swift; sourceTree = "<group>"; };
		52EA013D27CE55D100294C48 /* GameTabScreen.swift */ = {isa = PBXFileReference; lastKnownFileType = sourcecode.swift; path = GameTabScreen.swift; sourceTree = "<group>"; };
		52EA014227CE55FB00294C48 /* GameTabCard.swift */ = {isa = PBXFileReference; lastKnownFileType = sourcecode.swift; path = GameTabCard.swift; sourceTree = "<group>"; };
		52EA014727CE561900294C48 /* BalanceGameScreen.swift */ = {isa = PBXFileReference; lastKnownFileType = sourcecode.swift; path = BalanceGameScreen.swift; sourceTree = "<group>"; };
		52EA014C27CE563E00294C48 /* MypageTabView.swift */ = {isa = PBXFileReference; lastKnownFileType = sourcecode.swift; path = MypageTabView.swift; sourceTree = "<group>"; };
		52EA015127CE565F00294C48 /* TestTabScreen.swift */ = {isa = PBXFileReference; lastKnownFileType = sourcecode.swift; path = TestTabScreen.swift; sourceTree = "<group>"; };
		52EE071227E9AE000029A051 /* URL+Extensions.swift */ = {isa = PBXFileReference; lastKnownFileType = sourcecode.swift; path = "URL+Extensions.swift"; sourceTree = "<group>"; };
		52EE071727E9AEFB0029A051 /* Constants.swift */ = {isa = PBXFileReference; lastKnownFileType = sourcecode.swift; path = Constants.swift; sourceTree = "<group>"; };
		52EE071E27E9B1450029A051 /* GameModel.swift */ = {isa = PBXFileReference; lastKnownFileType = sourcecode.swift; path = GameModel.swift; sourceTree = "<group>"; };
		52EE072627E9B2030029A051 /* HTTPClient.swift */ = {isa = PBXFileReference; lastKnownFileType = sourcecode.swift; path = HTTPClient.swift; sourceTree = "<group>"; };
		52EE072C27E9B6D30029A051 /* BalanceGameViewModel.swift */ = {isa = PBXFileReference; lastKnownFileType = sourcecode.swift; path = BalanceGameViewModel.swift; sourceTree = "<group>"; };
		52EE073427E9B70F0029A051 /* ViewModelBase.swift */ = {isa = PBXFileReference; lastKnownFileType = sourcecode.swift; path = ViewModelBase.swift; sourceTree = "<group>"; };
		52EE077127E9D61A0029A051 /* WithOneMouthViewModel.swift */ = {isa = PBXFileReference; lastKnownFileType = sourcecode.swift; path = WithOneMouthViewModel.swift; sourceTree = "<group>"; };
		52EE077627E9D6270029A051 /* OXQuizViewModel.swift */ = {isa = PBXFileReference; lastKnownFileType = sourcecode.swift; path = OXQuizViewModel.swift; sourceTree = "<group>"; };
		52EE077B27E9D6340029A051 /* CommonSenseQuizViewModel.swift */ = {isa = PBXFileReference; lastKnownFileType = sourcecode.swift; path = CommonSenseQuizViewModel.swift; sourceTree = "<group>"; };
		52EE078027E9D6440029A051 /* ConsonantGameViewModel.swift */ = {isa = PBXFileReference; lastKnownFileType = sourcecode.swift; path = ConsonantGameViewModel.swift; sourceTree = "<group>"; };
		5A96740B0ADA1F14018DA653 /* Pods_HAY_HAYUITests.framework */ = {isa = PBXFileReference; explicitFileType = wrapper.framework; includeInIndex = 0; path = Pods_HAY_HAYUITests.framework; sourceTree = BUILT_PRODUCTS_DIR; };
		FCD5C3BA5E8FEFF3B74B9545 /* Pods-HAY.release.xcconfig */ = {isa = PBXFileReference; includeInIndex = 1; lastKnownFileType = text.xcconfig; name = "Pods-HAY.release.xcconfig"; path = "Target Support Files/Pods-HAY/Pods-HAY.release.xcconfig"; sourceTree = "<group>"; };
/* End PBXFileReference section */

/* Begin PBXFrameworksBuildPhase section */
		5206908F27CE48FD0057D109 /* Frameworks */ = {
			isa = PBXFrameworksBuildPhase;
			buildActionMask = 2147483647;
			files = (
				FE1B2152FAD00F6659C3CB5F /* Pods_HAY.framework in Frameworks */,
			);
			runOnlyForDeploymentPostprocessing = 0;
		};
		520690A027CE49000057D109 /* Frameworks */ = {
			isa = PBXFrameworksBuildPhase;
			buildActionMask = 2147483647;
			files = (
				CDBE73CBAF80C390FF4FC9EA /* Pods_HAYTests.framework in Frameworks */,
			);
			runOnlyForDeploymentPostprocessing = 0;
		};
		520690AB27CE49000057D109 /* Frameworks */ = {
			isa = PBXFrameworksBuildPhase;
			buildActionMask = 2147483647;
			files = (
				924C364C28344B0C161BF132 /* Pods_HAY_HAYUITests.framework in Frameworks */,
			);
			runOnlyForDeploymentPostprocessing = 0;
		};
/* End PBXFrameworksBuildPhase section */

/* Begin PBXGroup section */
		5206908927CE48FC0057D109 = {
			isa = PBXGroup;
			children = (
				5206909427CE48FD0057D109 /* HAY */,
				520690A627CE49000057D109 /* HAYTests */,
				520690B127CE49000057D109 /* HAYUITests */,
				5206909327CE48FD0057D109 /* Products */,
				6948A7D0BD77373F0233F407 /* Pods */,
				C93399EC1243A1B8C4F52046 /* Frameworks */,
			);
			sourceTree = "<group>";
		};
		5206909327CE48FD0057D109 /* Products */ = {
			isa = PBXGroup;
			children = (
				5206909227CE48FD0057D109 /* HAY.app */,
				520690A327CE49000057D109 /* HAYTests.xctest */,
				520690AE27CE49000057D109 /* HAYUITests.xctest */,
			);
			name = Products;
			sourceTree = "<group>";
		};
		5206909427CE48FD0057D109 /* HAY */ = {
			isa = PBXGroup;
			children = (
				52EE070A27E9AD890029A051 /* Utils */,
				52EE070F27E9ADB50029A051 /* Extensions */,
				52EE070C27E9AD9A0029A051 /* Services */,
				52EE070927E9AD830029A051 /* Models */,
				52EE070B27E9AD920029A051 /* View Models */,
				52EE074C27E9CF700029A051 /* View */,
				52EE071027E9ADBB0029A051 /* Screens */,
				52EE070E27E9ADAF0029A051 /* Controls */,
				52EE070D27E9ADA90029A051 /* Loaders */,
				52EA013027CE551E00294C48 /* fonts */,
				5206909527CE48FD0057D109 /* HAYApp.swift */,
				5206909927CE49000057D109 /* Assets.xcassets */,
				5206909E27CE49000057D109 /* Info.plist */,
				5206909B27CE49000057D109 /* Preview Content */,
				525BCA1927D2054E006C151A /* ContentView.swift */,
			);
			path = HAY;
			sourceTree = "<group>";
		};
		5206909B27CE49000057D109 /* Preview Content */ = {
			isa = PBXGroup;
			children = (
				5206909C27CE49000057D109 /* Preview Assets.xcassets */,
			);
			path = "Preview Content";
			sourceTree = "<group>";
		};
		520690A627CE49000057D109 /* HAYTests */ = {
			isa = PBXGroup;
			children = (
				520690A727CE49000057D109 /* HAYTests.swift */,
				520690A927CE49000057D109 /* Info.plist */,
			);
			path = HAYTests;
			sourceTree = "<group>";
		};
		520690B127CE49000057D109 /* HAYUITests */ = {
			isa = PBXGroup;
			children = (
				520690B227CE49000057D109 /* HAYUITests.swift */,
				520690B427CE49000057D109 /* Info.plist */,
			);
			path = HAYUITests;
			sourceTree = "<group>";
		};
		522D5CE127F36A9B00A37E3A /* Conversation */ = {
			isa = PBXGroup;
			children = (
				522D5CE227F36AAE00A37E3A /* ConversationTabCard.swift */,
				522D5CEA27F36CBD00A37E3A /* PolygonShape.swift */,
			);
			path = Conversation;
			sourceTree = "<group>";
		};
		5286405E27EB247400284229 /* Test */ = {
			isa = PBXGroup;
			children = (
				5286405F27EB24A100284229 /* TestTabCard.swift */,
				5224399827EC0C240061BFC2 /* TestWebView.swift */,
			);
			path = Test;
			sourceTree = "<group>";
		};
		52EA013027CE551E00294C48 /* fonts */ = {
			isa = PBXGroup;
			children = (
			);
			path = fonts;
			sourceTree = "<group>";
		};
		52EA013127CE554000294C48 /* Test */ = {
			isa = PBXGroup;
			children = (
				52EA015127CE565F00294C48 /* TestTabScreen.swift */,
			);
			path = Test;
			sourceTree = "<group>";
		};
		52EA013227CE554B00294C48 /* Conversation */ = {
			isa = PBXGroup;
			children = (
				52EA013527CE55A200294C48 /* ConversationTabScreen.swift */,
				522D5CF227F45E6F00A37E3A /* ConversationContentScreen.swift */,
			);
			path = Conversation;
			sourceTree = "<group>";
		};
		52EA013327CE555400294C48 /* Game */ = {
			isa = PBXGroup;
			children = (
				52EA013D27CE55D100294C48 /* GameTabScreen.swift */,
				52EA014727CE561900294C48 /* BalanceGameScreen.swift */,
				52A9C02B27DF433D0053893E /* WithOneMouthScreen.swift */,
				52A9C02527DF41E90053893E /* OXQuizScreen.swift */,
				52A9C02027DF3DF40053893E /* CommonSenseQuizScreen.swift */,
				52A9C03327DF439F0053893E /* ConsonantGameScreen.swift */,
			);
			path = Game;
			sourceTree = "<group>";
		};
		52EA013427CE556900294C48 /* Mypage */ = {
			isa = PBXGroup;
			children = (
				52EA014C27CE563E00294C48 /* MypageTabView.swift */,
			);
			path = Mypage;
			sourceTree = "<group>";
		};
		52EE070927E9AD830029A051 /* Models */ = {
			isa = PBXGroup;
			children = (
				52EE071E27E9B1450029A051 /* GameModel.swift */,
			);
			path = Models;
			sourceTree = "<group>";
		};
		52EE070A27E9AD890029A051 /* Utils */ = {
			isa = PBXGroup;
			children = (
				52EE071727E9AEFB0029A051 /* Constants.swift */,
			);
			path = Utils;
			sourceTree = "<group>";
		};
		52EE070B27E9AD920029A051 /* View Models */ = {
			isa = PBXGroup;
			children = (
				52EE072B27E9B6BA0029A051 /* GameViewModels */,
				52EE073427E9B70F0029A051 /* ViewModelBase.swift */,
			);
			path = "View Models";
			sourceTree = "<group>";
		};
		52EE070C27E9AD9A0029A051 /* Services */ = {
			isa = PBXGroup;
			children = (
				52EE072627E9B2030029A051 /* HTTPClient.swift */,
			);
			path = Services;
			sourceTree = "<group>";
		};
		52EE070D27E9ADA90029A051 /* Loaders */ = {
			isa = PBXGroup;
			children = (
			);
			path = Loaders;
			sourceTree = "<group>";
		};
		52EE070E27E9ADAF0029A051 /* Controls */ = {
			isa = PBXGroup;
			children = (
			);
			path = Controls;
			sourceTree = "<group>";
		};
		52EE070F27E9ADB50029A051 /* Extensions */ = {
			isa = PBXGroup;
			children = (
				52EE071227E9AE000029A051 /* URL+Extensions.swift */,
			);
			path = Extensions;
			sourceTree = "<group>";
		};
		52EE071027E9ADBB0029A051 /* Screens */ = {
			isa = PBXGroup;
			children = (
				52EA013327CE555400294C48 /* Game */,
				52EA013427CE556900294C48 /* Mypage */,
				52EA013227CE554B00294C48 /* Conversation */,
				52EA013127CE554000294C48 /* Test */,
			);
			path = Screens;
			sourceTree = "<group>";
		};
		52EE072B27E9B6BA0029A051 /* GameViewModels */ = {
			isa = PBXGroup;
			children = (
				52EE072C27E9B6D30029A051 /* BalanceGameViewModel.swift */,
				52EE077127E9D61A0029A051 /* WithOneMouthViewModel.swift */,
				52EE077627E9D6270029A051 /* OXQuizViewModel.swift */,
				52EE077B27E9D6340029A051 /* CommonSenseQuizViewModel.swift */,
				52EE078027E9D6440029A051 /* ConsonantGameViewModel.swift */,
			);
			path = GameViewModels;
			sourceTree = "<group>";
		};
		52EE074C27E9CF700029A051 /* View */ = {
			isa = PBXGroup;
			children = (
				522D5CE127F36A9B00A37E3A /* Conversation */,
				52EE074D27E9CF7C0029A051 /* Game */,
				5286405E27EB247400284229 /* Test */,
			);
			path = View;
			sourceTree = "<group>";
		};
		52EE074D27E9CF7C0029A051 /* Game */ = {
			isa = PBXGroup;
			children = (
				52EA014227CE55FB00294C48 /* GameTabCard.swift */,
			);
			path = Game;
			sourceTree = "<group>";
		};
		6948A7D0BD77373F0233F407 /* Pods */ = {
			isa = PBXGroup;
			children = (
				0D52C9C8F469B870EEE78C5A /* Pods-HAY.debug.xcconfig */,
				FCD5C3BA5E8FEFF3B74B9545 /* Pods-HAY.release.xcconfig */,
				3E24392821BA71F1B600D867 /* Pods-HAY-HAYUITests.debug.xcconfig */,
				4405E4BCAABFD3C5F3DC2D3B /* Pods-HAY-HAYUITests.release.xcconfig */,
				103D74C3DF0484ED5EFC6BF2 /* Pods-HAYTests.debug.xcconfig */,
				4651106487008FEF03489AC6 /* Pods-HAYTests.release.xcconfig */,
			);
			path = Pods;
			sourceTree = "<group>";
		};
		C93399EC1243A1B8C4F52046 /* Frameworks */ = {
			isa = PBXGroup;
			children = (
				356A8D1572975D8242A9B1D1 /* Pods_HAY.framework */,
				5A96740B0ADA1F14018DA653 /* Pods_HAY_HAYUITests.framework */,
				177D973F7C021E73B7ADBD4D /* Pods_HAYTests.framework */,
			);
			name = Frameworks;
			sourceTree = "<group>";
		};
/* End PBXGroup section */

/* Begin PBXNativeTarget section */
		5206909127CE48FD0057D109 /* HAY */ = {
			isa = PBXNativeTarget;
			buildConfigurationList = 520690B727CE49000057D109 /* Build configuration list for PBXNativeTarget "HAY" */;
			buildPhases = (
				F58C5B5A791CDE31EF987D9C /* [CP] Check Pods Manifest.lock */,
				5206908E27CE48FD0057D109 /* Sources */,
				5206908F27CE48FD0057D109 /* Frameworks */,
				5206909027CE48FD0057D109 /* Resources */,
				DAD91BDF51979665C4D9B42C /* [CP] Embed Pods Frameworks */,
			);
			buildRules = (
			);
			dependencies = (
			);
			name = HAY;
			productName = HAY;
			productReference = 5206909227CE48FD0057D109 /* HAY.app */;
			productType = "com.apple.product-type.application";
		};
		520690A227CE49000057D109 /* HAYTests */ = {
			isa = PBXNativeTarget;
			buildConfigurationList = 520690BA27CE49000057D109 /* Build configuration list for PBXNativeTarget "HAYTests" */;
			buildPhases = (
				1C671B49882034B8595534B2 /* [CP] Check Pods Manifest.lock */,
				5206909F27CE49000057D109 /* Sources */,
				520690A027CE49000057D109 /* Frameworks */,
				520690A127CE49000057D109 /* Resources */,
			);
			buildRules = (
			);
			dependencies = (
				520690A527CE49000057D109 /* PBXTargetDependency */,
			);
			name = HAYTests;
			productName = HAYTests;
			productReference = 520690A327CE49000057D109 /* HAYTests.xctest */;
			productType = "com.apple.product-type.bundle.unit-test";
		};
		520690AD27CE49000057D109 /* HAYUITests */ = {
			isa = PBXNativeTarget;
			buildConfigurationList = 520690BD27CE49000057D109 /* Build configuration list for PBXNativeTarget "HAYUITests" */;
			buildPhases = (
				4D9B56DE222D5FFACF2C82C9 /* [CP] Check Pods Manifest.lock */,
				520690AA27CE49000057D109 /* Sources */,
				520690AB27CE49000057D109 /* Frameworks */,
				520690AC27CE49000057D109 /* Resources */,
				51FEAF8D58511AFD6257FE42 /* [CP] Embed Pods Frameworks */,
			);
			buildRules = (
			);
			dependencies = (
				520690B027CE49000057D109 /* PBXTargetDependency */,
			);
			name = HAYUITests;
			productName = HAYUITests;
			productReference = 520690AE27CE49000057D109 /* HAYUITests.xctest */;
			productType = "com.apple.product-type.bundle.ui-testing";
		};
/* End PBXNativeTarget section */

/* Begin PBXProject section */
		5206908A27CE48FC0057D109 /* Project object */ = {
			isa = PBXProject;
			attributes = {
				LastSwiftUpdateCheck = 1240;
				LastUpgradeCheck = 1240;
				TargetAttributes = {
					5206909127CE48FD0057D109 = {
						CreatedOnToolsVersion = 12.4;
					};
					520690A227CE49000057D109 = {
						CreatedOnToolsVersion = 12.4;
						TestTargetID = 5206909127CE48FD0057D109;
					};
					520690AD27CE49000057D109 = {
						CreatedOnToolsVersion = 12.4;
						TestTargetID = 5206909127CE48FD0057D109;
					};
				};
			};
			buildConfigurationList = 5206908D27CE48FC0057D109 /* Build configuration list for PBXProject "HAY" */;
			compatibilityVersion = "Xcode 9.3";
			developmentRegion = en;
			hasScannedForEncodings = 0;
			knownRegions = (
				en,
				Base,
			);
			mainGroup = 5206908927CE48FC0057D109;
			productRefGroup = 5206909327CE48FD0057D109 /* Products */;
			projectDirPath = "";
			projectRoot = "";
			targets = (
				5206909127CE48FD0057D109 /* HAY */,
				520690A227CE49000057D109 /* HAYTests */,
				520690AD27CE49000057D109 /* HAYUITests */,
			);
		};
/* End PBXProject section */

/* Begin PBXResourcesBuildPhase section */
		5206909027CE48FD0057D109 /* Resources */ = {
			isa = PBXResourcesBuildPhase;
			buildActionMask = 2147483647;
			files = (
				5206909D27CE49000057D109 /* Preview Assets.xcassets in Resources */,
				5206909A27CE49000057D109 /* Assets.xcassets in Resources */,
			);
			runOnlyForDeploymentPostprocessing = 0;
		};
		520690A127CE49000057D109 /* Resources */ = {
			isa = PBXResourcesBuildPhase;
			buildActionMask = 2147483647;
			files = (
			);
			runOnlyForDeploymentPostprocessing = 0;
		};
		520690AC27CE49000057D109 /* Resources */ = {
			isa = PBXResourcesBuildPhase;
			buildActionMask = 2147483647;
			files = (
			);
			runOnlyForDeploymentPostprocessing = 0;
		};
/* End PBXResourcesBuildPhase section */

/* Begin PBXShellScriptBuildPhase section */
		1C671B49882034B8595534B2 /* [CP] Check Pods Manifest.lock */ = {
			isa = PBXShellScriptBuildPhase;
			buildActionMask = 2147483647;
			files = (
			);
			inputFileListPaths = (
			);
			inputPaths = (
				"${PODS_PODFILE_DIR_PATH}/Podfile.lock",
				"${PODS_ROOT}/Manifest.lock",
			);
			name = "[CP] Check Pods Manifest.lock";
			outputFileListPaths = (
			);
			outputPaths = (
				"$(DERIVED_FILE_DIR)/Pods-HAYTests-checkManifestLockResult.txt",
			);
			runOnlyForDeploymentPostprocessing = 0;
			shellPath = /bin/sh;
			shellScript = "diff \"${PODS_PODFILE_DIR_PATH}/Podfile.lock\" \"${PODS_ROOT}/Manifest.lock\" > /dev/null\nif [ $? != 0 ] ; then\n    # print error to STDERR\n    echo \"error: The sandbox is not in sync with the Podfile.lock. Run 'pod install' or update your CocoaPods installation.\" >&2\n    exit 1\nfi\n# This output is used by Xcode 'outputs' to avoid re-running this script phase.\necho \"SUCCESS\" > \"${SCRIPT_OUTPUT_FILE_0}\"\n";
			showEnvVarsInLog = 0;
		};
		4D9B56DE222D5FFACF2C82C9 /* [CP] Check Pods Manifest.lock */ = {
			isa = PBXShellScriptBuildPhase;
			buildActionMask = 2147483647;
			files = (
			);
			inputFileListPaths = (
			);
			inputPaths = (
				"${PODS_PODFILE_DIR_PATH}/Podfile.lock",
				"${PODS_ROOT}/Manifest.lock",
			);
			name = "[CP] Check Pods Manifest.lock";
			outputFileListPaths = (
			);
			outputPaths = (
				"$(DERIVED_FILE_DIR)/Pods-HAY-HAYUITests-checkManifestLockResult.txt",
			);
			runOnlyForDeploymentPostprocessing = 0;
			shellPath = /bin/sh;
			shellScript = "diff \"${PODS_PODFILE_DIR_PATH}/Podfile.lock\" \"${PODS_ROOT}/Manifest.lock\" > /dev/null\nif [ $? != 0 ] ; then\n    # print error to STDERR\n    echo \"error: The sandbox is not in sync with the Podfile.lock. Run 'pod install' or update your CocoaPods installation.\" >&2\n    exit 1\nfi\n# This output is used by Xcode 'outputs' to avoid re-running this script phase.\necho \"SUCCESS\" > \"${SCRIPT_OUTPUT_FILE_0}\"\n";
			showEnvVarsInLog = 0;
		};
		51FEAF8D58511AFD6257FE42 /* [CP] Embed Pods Frameworks */ = {
			isa = PBXShellScriptBuildPhase;
			buildActionMask = 2147483647;
			files = (
			);
			inputFileListPaths = (
				"${PODS_ROOT}/Target Support Files/Pods-HAY-HAYUITests/Pods-HAY-HAYUITests-frameworks-${CONFIGURATION}-input-files.xcfilelist",
			);
			name = "[CP] Embed Pods Frameworks";
			outputFileListPaths = (
				"${PODS_ROOT}/Target Support Files/Pods-HAY-HAYUITests/Pods-HAY-HAYUITests-frameworks-${CONFIGURATION}-output-files.xcfilelist",
			);
			runOnlyForDeploymentPostprocessing = 0;
			shellPath = /bin/sh;
			shellScript = "\"${PODS_ROOT}/Target Support Files/Pods-HAY-HAYUITests/Pods-HAY-HAYUITests-frameworks.sh\"\n";
			showEnvVarsInLog = 0;
		};
		DAD91BDF51979665C4D9B42C /* [CP] Embed Pods Frameworks */ = {
			isa = PBXShellScriptBuildPhase;
			buildActionMask = 2147483647;
			files = (
			);
			inputFileListPaths = (
				"${PODS_ROOT}/Target Support Files/Pods-HAY/Pods-HAY-frameworks-${CONFIGURATION}-input-files.xcfilelist",
			);
			name = "[CP] Embed Pods Frameworks";
			outputFileListPaths = (
				"${PODS_ROOT}/Target Support Files/Pods-HAY/Pods-HAY-frameworks-${CONFIGURATION}-output-files.xcfilelist",
			);
			runOnlyForDeploymentPostprocessing = 0;
			shellPath = /bin/sh;
			shellScript = "\"${PODS_ROOT}/Target Support Files/Pods-HAY/Pods-HAY-frameworks.sh\"\n";
			showEnvVarsInLog = 0;
		};
		F58C5B5A791CDE31EF987D9C /* [CP] Check Pods Manifest.lock */ = {
			isa = PBXShellScriptBuildPhase;
			buildActionMask = 2147483647;
			files = (
			);
			inputFileListPaths = (
			);
			inputPaths = (
				"${PODS_PODFILE_DIR_PATH}/Podfile.lock",
				"${PODS_ROOT}/Manifest.lock",
			);
			name = "[CP] Check Pods Manifest.lock";
			outputFileListPaths = (
			);
			outputPaths = (
				"$(DERIVED_FILE_DIR)/Pods-HAY-checkManifestLockResult.txt",
			);
			runOnlyForDeploymentPostprocessing = 0;
			shellPath = /bin/sh;
			shellScript = "diff \"${PODS_PODFILE_DIR_PATH}/Podfile.lock\" \"${PODS_ROOT}/Manifest.lock\" > /dev/null\nif [ $? != 0 ] ; then\n    # print error to STDERR\n    echo \"error: The sandbox is not in sync with the Podfile.lock. Run 'pod install' or update your CocoaPods installation.\" >&2\n    exit 1\nfi\n# This output is used by Xcode 'outputs' to avoid re-running this script phase.\necho \"SUCCESS\" > \"${SCRIPT_OUTPUT_FILE_0}\"\n";
			showEnvVarsInLog = 0;
		};
/* End PBXShellScriptBuildPhase section */

/* Begin PBXSourcesBuildPhase section */
		5206908E27CE48FD0057D109 /* Sources */ = {
			isa = PBXSourcesBuildPhase;
			buildActionMask = 2147483647;
			files = (
				522D5CE327F36AAE00A37E3A /* ConversationTabCard.swift in Sources */,
				52EE073527E9B70F0029A051 /* ViewModelBase.swift in Sources */,
				52EA013E27CE55D100294C48 /* GameTabScreen.swift in Sources */,
				52EE071327E9AE000029A051 /* URL+Extensions.swift in Sources */,
				5286406027EB24A100284229 /* TestTabCard.swift in Sources */,
				522D5CF327F45E6F00A37E3A /* ConversationContentScreen.swift in Sources */,
				52EE072727E9B2030029A051 /* HTTPClient.swift in Sources */,
				52EE077C27E9D6340029A051 /* CommonSenseQuizViewModel.swift in Sources */,
				5206909627CE48FD0057D109 /* HAYApp.swift in Sources */,
				52A9C02C27DF433D0053893E /* WithOneMouthScreen.swift in Sources */,
				52EE071827E9AEFB0029A051 /* Constants.swift in Sources */,
				525BCA1A27D2054E006C151A /* ContentView.swift in Sources */,
				52EE077227E9D61A0029A051 /* WithOneMouthViewModel.swift in Sources */,
				52EA014827CE561900294C48 /* BalanceGameScreen.swift in Sources */,
				52EE072D27E9B6D30029A051 /* BalanceGameViewModel.swift in Sources */,
				5224399927EC0C240061BFC2 /* TestWebView.swift in Sources */,
				52EA014327CE55FB00294C48 /* GameTabCard.swift in Sources */,
				52A9C03427DF439F0053893E /* ConsonantGameScreen.swift in Sources */,
				52EE078127E9D6440029A051 /* ConsonantGameViewModel.swift in Sources */,
				52A9C02627DF41E90053893E /* OXQuizScreen.swift in Sources */,
				52EA013627CE55A200294C48 /* ConversationTabScreen.swift in Sources */,
				52EE071F27E9B1450029A051 /* GameModel.swift in Sources */,
				52EE077727E9D6270029A051 /* OXQuizViewModel.swift in Sources */,
				52A9C02127DF3DF40053893E /* CommonSenseQuizScreen.swift in Sources */,
				522D5CEB27F36CBD00A37E3A /* PolygonShape.swift in Sources */,
				52EA015227CE565F00294C48 /* TestTabScreen.swift in Sources */,
				52EA014D27CE563E00294C48 /* MypageTabView.swift in Sources */,
			);
			runOnlyForDeploymentPostprocessing = 0;
		};
		5206909F27CE49000057D109 /* Sources */ = {
			isa = PBXSourcesBuildPhase;
			buildActionMask = 2147483647;
			files = (
				520690A827CE49000057D109 /* HAYTests.swift in Sources */,
			);
			runOnlyForDeploymentPostprocessing = 0;
		};
		520690AA27CE49000057D109 /* Sources */ = {
			isa = PBXSourcesBuildPhase;
			buildActionMask = 2147483647;
			files = (
				520690B327CE49000057D109 /* HAYUITests.swift in Sources */,
			);
			runOnlyForDeploymentPostprocessing = 0;
		};
/* End PBXSourcesBuildPhase section */

/* Begin PBXTargetDependency section */
		520690A527CE49000057D109 /* PBXTargetDependency */ = {
			isa = PBXTargetDependency;
			target = 5206909127CE48FD0057D109 /* HAY */;
			targetProxy = 520690A427CE49000057D109 /* PBXContainerItemProxy */;
		};
		520690B027CE49000057D109 /* PBXTargetDependency */ = {
			isa = PBXTargetDependency;
			target = 5206909127CE48FD0057D109 /* HAY */;
			targetProxy = 520690AF27CE49000057D109 /* PBXContainerItemProxy */;
		};
/* End PBXTargetDependency section */

/* Begin XCBuildConfiguration section */
		520690B527CE49000057D109 /* Debug */ = {
			isa = XCBuildConfiguration;
			buildSettings = {
				ALWAYS_SEARCH_USER_PATHS = NO;
				CLANG_ANALYZER_NONNULL = YES;
				CLANG_ANALYZER_NUMBER_OBJECT_CONVERSION = YES_AGGRESSIVE;
				CLANG_CXX_LANGUAGE_STANDARD = "gnu++14";
				CLANG_CXX_LIBRARY = "libc++";
				CLANG_ENABLE_MODULES = YES;
				CLANG_ENABLE_OBJC_ARC = YES;
				CLANG_ENABLE_OBJC_WEAK = YES;
				CLANG_WARN_BLOCK_CAPTURE_AUTORELEASING = YES;
				CLANG_WARN_BOOL_CONVERSION = YES;
				CLANG_WARN_COMMA = YES;
				CLANG_WARN_CONSTANT_CONVERSION = YES;
				CLANG_WARN_DEPRECATED_OBJC_IMPLEMENTATIONS = YES;
				CLANG_WARN_DIRECT_OBJC_ISA_USAGE = YES_ERROR;
				CLANG_WARN_DOCUMENTATION_COMMENTS = YES;
				CLANG_WARN_EMPTY_BODY = YES;
				CLANG_WARN_ENUM_CONVERSION = YES;
				CLANG_WARN_INFINITE_RECURSION = YES;
				CLANG_WARN_INT_CONVERSION = YES;
				CLANG_WARN_NON_LITERAL_NULL_CONVERSION = YES;
				CLANG_WARN_OBJC_IMPLICIT_RETAIN_SELF = YES;
				CLANG_WARN_OBJC_LITERAL_CONVERSION = YES;
				CLANG_WARN_OBJC_ROOT_CLASS = YES_ERROR;
				CLANG_WARN_QUOTED_INCLUDE_IN_FRAMEWORK_HEADER = YES;
				CLANG_WARN_RANGE_LOOP_ANALYSIS = YES;
				CLANG_WARN_STRICT_PROTOTYPES = YES;
				CLANG_WARN_SUSPICIOUS_MOVE = YES;
				CLANG_WARN_UNGUARDED_AVAILABILITY = YES_AGGRESSIVE;
				CLANG_WARN_UNREACHABLE_CODE = YES;
				CLANG_WARN__DUPLICATE_METHOD_MATCH = YES;
				COPY_PHASE_STRIP = NO;
				DEBUG_INFORMATION_FORMAT = dwarf;
				ENABLE_STRICT_OBJC_MSGSEND = YES;
				ENABLE_TESTABILITY = YES;
				GCC_C_LANGUAGE_STANDARD = gnu11;
				GCC_DYNAMIC_NO_PIC = NO;
				GCC_NO_COMMON_BLOCKS = YES;
				GCC_OPTIMIZATION_LEVEL = 0;
				GCC_PREPROCESSOR_DEFINITIONS = (
					"DEBUG=1",
					"$(inherited)",
				);
				GCC_WARN_64_TO_32_BIT_CONVERSION = YES;
				GCC_WARN_ABOUT_RETURN_TYPE = YES_ERROR;
				GCC_WARN_UNDECLARED_SELECTOR = YES;
				GCC_WARN_UNINITIALIZED_AUTOS = YES_AGGRESSIVE;
				GCC_WARN_UNUSED_FUNCTION = YES;
				GCC_WARN_UNUSED_VARIABLE = YES;
				IPHONEOS_DEPLOYMENT_TARGET = 14.4;
				MTL_ENABLE_DEBUG_INFO = INCLUDE_SOURCE;
				MTL_FAST_MATH = YES;
				ONLY_ACTIVE_ARCH = YES;
				SDKROOT = iphoneos;
				SWIFT_ACTIVE_COMPILATION_CONDITIONS = DEBUG;
				SWIFT_OPTIMIZATION_LEVEL = "-Onone";
			};
			name = Debug;
		};
		520690B627CE49000057D109 /* Release */ = {
			isa = XCBuildConfiguration;
			buildSettings = {
				ALWAYS_SEARCH_USER_PATHS = NO;
				CLANG_ANALYZER_NONNULL = YES;
				CLANG_ANALYZER_NUMBER_OBJECT_CONVERSION = YES_AGGRESSIVE;
				CLANG_CXX_LANGUAGE_STANDARD = "gnu++14";
				CLANG_CXX_LIBRARY = "libc++";
				CLANG_ENABLE_MODULES = YES;
				CLANG_ENABLE_OBJC_ARC = YES;
				CLANG_ENABLE_OBJC_WEAK = YES;
				CLANG_WARN_BLOCK_CAPTURE_AUTORELEASING = YES;
				CLANG_WARN_BOOL_CONVERSION = YES;
				CLANG_WARN_COMMA = YES;
				CLANG_WARN_CONSTANT_CONVERSION = YES;
				CLANG_WARN_DEPRECATED_OBJC_IMPLEMENTATIONS = YES;
				CLANG_WARN_DIRECT_OBJC_ISA_USAGE = YES_ERROR;
				CLANG_WARN_DOCUMENTATION_COMMENTS = YES;
				CLANG_WARN_EMPTY_BODY = YES;
				CLANG_WARN_ENUM_CONVERSION = YES;
				CLANG_WARN_INFINITE_RECURSION = YES;
				CLANG_WARN_INT_CONVERSION = YES;
				CLANG_WARN_NON_LITERAL_NULL_CONVERSION = YES;
				CLANG_WARN_OBJC_IMPLICIT_RETAIN_SELF = YES;
				CLANG_WARN_OBJC_LITERAL_CONVERSION = YES;
				CLANG_WARN_OBJC_ROOT_CLASS = YES_ERROR;
				CLANG_WARN_QUOTED_INCLUDE_IN_FRAMEWORK_HEADER = YES;
				CLANG_WARN_RANGE_LOOP_ANALYSIS = YES;
				CLANG_WARN_STRICT_PROTOTYPES = YES;
				CLANG_WARN_SUSPICIOUS_MOVE = YES;
				CLANG_WARN_UNGUARDED_AVAILABILITY = YES_AGGRESSIVE;
				CLANG_WARN_UNREACHABLE_CODE = YES;
				CLANG_WARN__DUPLICATE_METHOD_MATCH = YES;
				COPY_PHASE_STRIP = NO;
				DEBUG_INFORMATION_FORMAT = "dwarf-with-dsym";
				ENABLE_NS_ASSERTIONS = NO;
				ENABLE_STRICT_OBJC_MSGSEND = YES;
				GCC_C_LANGUAGE_STANDARD = gnu11;
				GCC_NO_COMMON_BLOCKS = YES;
				GCC_WARN_64_TO_32_BIT_CONVERSION = YES;
				GCC_WARN_ABOUT_RETURN_TYPE = YES_ERROR;
				GCC_WARN_UNDECLARED_SELECTOR = YES;
				GCC_WARN_UNINITIALIZED_AUTOS = YES_AGGRESSIVE;
				GCC_WARN_UNUSED_FUNCTION = YES;
				GCC_WARN_UNUSED_VARIABLE = YES;
				IPHONEOS_DEPLOYMENT_TARGET = 14.4;
				MTL_ENABLE_DEBUG_INFO = NO;
				MTL_FAST_MATH = YES;
				SDKROOT = iphoneos;
				SWIFT_COMPILATION_MODE = wholemodule;
				SWIFT_OPTIMIZATION_LEVEL = "-O";
				VALIDATE_PRODUCT = YES;
			};
			name = Release;
		};
		520690B827CE49000057D109 /* Debug */ = {
			isa = XCBuildConfiguration;
			baseConfigurationReference = 0D52C9C8F469B870EEE78C5A /* Pods-HAY.debug.xcconfig */;
			buildSettings = {
				ASSETCATALOG_COMPILER_APPICON_NAME = AppIcon;
				ASSETCATALOG_COMPILER_GLOBAL_ACCENT_COLOR_NAME = AccentColor;
				CODE_SIGN_STYLE = Automatic;
				DEVELOPMENT_ASSET_PATHS = "\"HAY/Preview Content\"";
				ENABLE_PREVIEWS = YES;
				INFOPLIST_FILE = HAY/Info.plist;
				IPHONEOS_DEPLOYMENT_TARGET = 14.0;
				LD_RUNPATH_SEARCH_PATHS = (
					"$(inherited)",
					"@executable_path/Frameworks",
				);
				PRODUCT_BUNDLE_IDENTIFIER = jjanggoo.HAY;
				PRODUCT_NAME = "$(TARGET_NAME)";
				SWIFT_VERSION = 5.0;
				TARGETED_DEVICE_FAMILY = "1,2";
			};
			name = Debug;
		};
		520690B927CE49000057D109 /* Release */ = {
			isa = XCBuildConfiguration;
			baseConfigurationReference = FCD5C3BA5E8FEFF3B74B9545 /* Pods-HAY.release.xcconfig */;
			buildSettings = {
				ASSETCATALOG_COMPILER_APPICON_NAME = AppIcon;
				ASSETCATALOG_COMPILER_GLOBAL_ACCENT_COLOR_NAME = AccentColor;
				CODE_SIGN_STYLE = Automatic;
				DEVELOPMENT_ASSET_PATHS = "\"HAY/Preview Content\"";
				ENABLE_PREVIEWS = YES;
				INFOPLIST_FILE = HAY/Info.plist;
				IPHONEOS_DEPLOYMENT_TARGET = 14.0;
				LD_RUNPATH_SEARCH_PATHS = (
					"$(inherited)",
					"@executable_path/Frameworks",
				);
				PRODUCT_BUNDLE_IDENTIFIER = jjanggoo.HAY;
				PRODUCT_NAME = "$(TARGET_NAME)";
				SWIFT_VERSION = 5.0;
				TARGETED_DEVICE_FAMILY = "1,2";
			};
			name = Release;
		};
		520690BB27CE49000057D109 /* Debug */ = {
			isa = XCBuildConfiguration;
			baseConfigurationReference = 103D74C3DF0484ED5EFC6BF2 /* Pods-HAYTests.debug.xcconfig */;
			buildSettings = {
				ALWAYS_EMBED_SWIFT_STANDARD_LIBRARIES = YES;
				BUNDLE_LOADER = "$(TEST_HOST)";
				CODE_SIGN_STYLE = Automatic;
				INFOPLIST_FILE = HAYTests/Info.plist;
				IPHONEOS_DEPLOYMENT_TARGET = 14.0;
				LD_RUNPATH_SEARCH_PATHS = (
					"$(inherited)",
					"@executable_path/Frameworks",
					"@loader_path/Frameworks",
				);
				PRODUCT_BUNDLE_IDENTIFIER = jjanggoo.HAYTests;
				PRODUCT_NAME = "$(TARGET_NAME)";
				SWIFT_VERSION = 5.0;
				TARGETED_DEVICE_FAMILY = "1,2";
				TEST_HOST = "$(BUILT_PRODUCTS_DIR)/HAY.app/HAY";
			};
			name = Debug;
		};
		520690BC27CE49000057D109 /* Release */ = {
			isa = XCBuildConfiguration;
			baseConfigurationReference = 4651106487008FEF03489AC6 /* Pods-HAYTests.release.xcconfig */;
			buildSettings = {
				ALWAYS_EMBED_SWIFT_STANDARD_LIBRARIES = YES;
				BUNDLE_LOADER = "$(TEST_HOST)";
				CODE_SIGN_STYLE = Automatic;
				INFOPLIST_FILE = HAYTests/Info.plist;
				IPHONEOS_DEPLOYMENT_TARGET = 14.0;
				LD_RUNPATH_SEARCH_PATHS = (
					"$(inherited)",
					"@executable_path/Frameworks",
					"@loader_path/Frameworks",
				);
				PRODUCT_BUNDLE_IDENTIFIER = jjanggoo.HAYTests;
				PRODUCT_NAME = "$(TARGET_NAME)";
				SWIFT_VERSION = 5.0;
				TARGETED_DEVICE_FAMILY = "1,2";
				TEST_HOST = "$(BUILT_PRODUCTS_DIR)/HAY.app/HAY";
			};
			name = Release;
		};
		520690BE27CE49000057D109 /* Debug */ = {
			isa = XCBuildConfiguration;
			baseConfigurationReference = 3E24392821BA71F1B600D867 /* Pods-HAY-HAYUITests.debug.xcconfig */;
			buildSettings = {
				ALWAYS_EMBED_SWIFT_STANDARD_LIBRARIES = YES;
				CODE_SIGN_STYLE = Automatic;
				INFOPLIST_FILE = HAYUITests/Info.plist;
				LD_RUNPATH_SEARCH_PATHS = (
					"$(inherited)",
					"@executable_path/Frameworks",
					"@loader_path/Frameworks",
				);
				PRODUCT_BUNDLE_IDENTIFIER = jjanggoo.HAYUITests;
				PRODUCT_NAME = "$(TARGET_NAME)";
				SWIFT_VERSION = 5.0;
				TARGETED_DEVICE_FAMILY = "1,2";
				TEST_TARGET_NAME = HAY;
			};
			name = Debug;
		};
		520690BF27CE49000057D109 /* Release */ = {
			isa = XCBuildConfiguration;
			baseConfigurationReference = 4405E4BCAABFD3C5F3DC2D3B /* Pods-HAY-HAYUITests.release.xcconfig */;
			buildSettings = {
				ALWAYS_EMBED_SWIFT_STANDARD_LIBRARIES = YES;
				CODE_SIGN_STYLE = Automatic;
				INFOPLIST_FILE = HAYUITests/Info.plist;
				LD_RUNPATH_SEARCH_PATHS = (
					"$(inherited)",
					"@executable_path/Frameworks",
					"@loader_path/Frameworks",
				);
				PRODUCT_BUNDLE_IDENTIFIER = jjanggoo.HAYUITests;
				PRODUCT_NAME = "$(TARGET_NAME)";
				SWIFT_VERSION = 5.0;
				TARGETED_DEVICE_FAMILY = "1,2";
				TEST_TARGET_NAME = HAY;
			};
			name = Release;
		};
/* End XCBuildConfiguration section */

/* Begin XCConfigurationList section */
		5206908D27CE48FC0057D109 /* Build configuration list for PBXProject "HAY" */ = {
			isa = XCConfigurationList;
			buildConfigurations = (
				520690B527CE49000057D109 /* Debug */,
				520690B627CE49000057D109 /* Release */,
			);
			defaultConfigurationIsVisible = 0;
			defaultConfigurationName = Release;
		};
		520690B727CE49000057D109 /* Build configuration list for PBXNativeTarget "HAY" */ = {
			isa = XCConfigurationList;
			buildConfigurations = (
				520690B827CE49000057D109 /* Debug */,
				520690B927CE49000057D109 /* Release */,
			);
			defaultConfigurationIsVisible = 0;
			defaultConfigurationName = Release;
		};
		520690BA27CE49000057D109 /* Build configuration list for PBXNativeTarget "HAYTests" */ = {
			isa = XCConfigurationList;
			buildConfigurations = (
				520690BB27CE49000057D109 /* Debug */,
				520690BC27CE49000057D109 /* Release */,
			);
			defaultConfigurationIsVisible = 0;
			defaultConfigurationName = Release;
		};
		520690BD27CE49000057D109 /* Build configuration list for PBXNativeTarget "HAYUITests" */ = {
			isa = XCConfigurationList;
			buildConfigurations = (
				520690BE27CE49000057D109 /* Debug */,
				520690BF27CE49000057D109 /* Release */,
			);
			defaultConfigurationIsVisible = 0;
			defaultConfigurationName = Release;
		};
/* End XCConfigurationList section */
	};
	rootObject = 5206908A27CE48FC0057D109 /* Project object */;
}
